
Microsoft Visual Studio Solution File, Format Version 12.00
# Visual Studio Version 17
VisualStudioVersion = 17.14.36221.1
MinimumVisualStudioVersion = 10.0.40219.1
Project("{FAE04EC0-301F-11D3-BF4B-00C04F79EFBC}") = "O365C.ACS.Integration.API", "O365C.ACS.Integration.API.csproj", "{C71E7AF2-C649-468E-9403-DA16F6AE7DB1}"
EndProject
Project("{FAE04EC0-301F-11D3-BF4B-00C04F79EFBC}") = "O365C.ACS.SignalR", "..\O365C.Acs.SignalR\O365C.ACS.SignalR.csproj", "{CE704805-3AC7-406E-8098-790EE297BB57}"
EndProject
Global
	GlobalSection(SolutionConfigurationPlatforms) = preSolution
		Debug|Any CPU = Debug|Any CPU
		Release|Any CPU = Release|Any CPU
	EndGlobalSection
	GlobalSection(ProjectConfigurationPlatforms) = postSolution
		{C71E7AF2-C649-468E-9403-DA16F6AE7DB1}.Debug|Any CPU.ActiveCfg = Debug|Any CPU
		{C71E7AF2-C649-468E-9403-DA16F6AE7DB1}.Debug|Any CPU.Build.0 = Debug|Any CPU
		{C71E7AF2-C649-468E-9403-DA16F6AE7DB1}.Release|Any CPU.ActiveCfg = Release|Any CPU
		{C71E7AF2-C649-468E-9403-DA16F6AE7DB1}.Release|Any CPU.Build.0 = Release|Any CPU
		{CE704805-3AC7-406E-8098-790EE297BB57}.Debug|Any CPU.ActiveCfg = Debug|Any CPU
		{CE704805-3AC7-406E-8098-790EE297BB57}.Debug|Any CPU.Build.0 = Debug|Any CPU
		{CE704805-3AC7-406E-8098-790EE297BB57}.Release|Any CPU.ActiveCfg = Release|Any CPU
		{CE704805-3AC7-406E-8098-790EE297BB57}.Release|Any CPU.Build.0 = Release|Any CPU
	EndGlobalSection
	GlobalSection(SolutionProperties) = preSolution
		HideSolutionNode = FALSE
	EndGlobalSection
	GlobalSection(ExtensibilityGlobals) = postSolution
		SolutionGuid = {17BB6D8B-D1DC-42B0-A4C8-E94F4121C351}
	EndGlobalSection
EndGlobal
